// !$*UTF8*$!
{
	archiveVersion = 1;
	classes = {
	};
	objectVersion = 56;
	objects = {

/* Begin PBXBuildFile section */
		2E0BD9832C6907180013D3C3 /* Tymofieiv_Headway_TestApp.swift in Sources */ = {isa = PBXBuildFile; fileRef = 2E0BD9822C6907180013D3C3 /* Tymofieiv_Headway_TestApp.swift */; };
		2E0BD9852C6907180013D3C3 /* ContentView.swift in Sources */ = {isa = PBXBuildFile; fileRef = 2E0BD9842C6907180013D3C3 /* ContentView.swift */; };
		2E0BD9872C6907190013D3C3 /* Assets.xcassets in Resources */ = {isa = PBXBuildFile; fileRef = 2E0BD9862C6907190013D3C3 /* Assets.xcassets */; };
		2E0BD98A2C6907190013D3C3 /* Preview Assets.xcassets in Resources */ = {isa = PBXBuildFile; fileRef = 2E0BD9892C6907190013D3C3 /* Preview Assets.xcassets */; };
		2E0BD9932C69321D0013D3C3 /* Book.swift in Sources */ = {isa = PBXBuildFile; fileRef = 2E0BD9922C69321D0013D3C3 /* Book.swift */; };
		2E29AA042C6A943400F8CBF9 /* Utils.swift in Sources */ = {isa = PBXBuildFile; fileRef = 2E29AA032C6A943400F8CBF9 /* Utils.swift */; };
		2E29AA082C6AB15A00F8CBF9 /* Atomic_Habits_cover.jpeg in Resources */ = {isa = PBXBuildFile; fileRef = 2E29AA072C6AB15A00F8CBF9 /* Atomic_Habits_cover.jpeg */; };
		2E29AA0A2C6AB5E200F8CBF9 /* Player.swift in Sources */ = {isa = PBXBuildFile; fileRef = 2E29AA092C6AB5E200F8CBF9 /* Player.swift */; };
		2E5763662C6B9C3500CE1167 /* ComposableArchitecture in Frameworks */ = {isa = PBXBuildFile; productRef = 2E5763652C6B9C3500CE1167 /* ComposableArchitecture */; };
		2E908B3B2C6ED08400997D57 /* Atomic_Habits_key_7.mp3 in Resources */ = {isa = PBXBuildFile; fileRef = 2E908B3A2C6ED08400997D57 /* Atomic_Habits_key_7.mp3 */; };
		2EB58C922C6D5E48008558C3 /* SharedAudioPlayer.swift in Sources */ = {isa = PBXBuildFile; fileRef = 2EB58C912C6D5E48008558C3 /* SharedAudioPlayer.swift */; };
		2EB58C9C2C6EAAB4008558C3 /* Atomic_Habits_key_3.mp3 in Resources */ = {isa = PBXBuildFile; fileRef = 2EB58C932C6EAAB2008558C3 /* Atomic_Habits_key_3.mp3 */; };
		2EB58C9D2C6EAAB4008558C3 /* Atomic_Habits_key_6.mp3 in Resources */ = {isa = PBXBuildFile; fileRef = 2EB58C942C6EAAB3008558C3 /* Atomic_Habits_key_6.mp3 */; };
		2EB58C9E2C6EAAB4008558C3 /* Atomic_Habits_key_9.mp3 in Resources */ = {isa = PBXBuildFile; fileRef = 2EB58C952C6EAAB3008558C3 /* Atomic_Habits_key_9.mp3 */; };
		2EB58C9F2C6EAAB4008558C3 /* Atomic_Habits_key_8.mp3 in Resources */ = {isa = PBXBuildFile; fileRef = 2EB58C962C6EAAB3008558C3 /* Atomic_Habits_key_8.mp3 */; };
		2EB58CA02C6EAAB4008558C3 /* Atomic_Habits_key_2.mp3 in Resources */ = {isa = PBXBuildFile; fileRef = 2EB58C972C6EAAB4008558C3 /* Atomic_Habits_key_2.mp3 */; };
		2EB58CA12C6EAAB4008558C3 /* Atomic_Habits_key_4.mp3 in Resources */ = {isa = PBXBuildFile; fileRef = 2EB58C982C6EAAB4008558C3 /* Atomic_Habits_key_4.mp3 */; };
		2EB58CA32C6EAAB4008558C3 /* Atomic_Habits_key_5.mp3 in Resources */ = {isa = PBXBuildFile; fileRef = 2EB58C9A2C6EAAB4008558C3 /* Atomic_Habits_key_5.mp3 */; };
		2EB58CA42C6EAAB4008558C3 /* Atomic_Habits_key_1.mp3 in Resources */ = {isa = PBXBuildFile; fileRef = 2EB58C9B2C6EAAB4008558C3 /* Atomic_Habits_key_1.mp3 */; };
/* End PBXBuildFile section */

/* Begin PBXFileReference section */
		2E0BD97F2C6907180013D3C3 /* Tymofieiv_Headway_Test.app */ = {isa = PBXFileReference; explicitFileType = wrapper.application; includeInIndex = 0; path = Tymofieiv_Headway_Test.app; sourceTree = BUILT_PRODUCTS_DIR; };
		2E0BD9822C6907180013D3C3 /* Tymofieiv_Headway_TestApp.swift */ = {isa = PBXFileReference; lastKnownFileType = sourcecode.swift; path = Tymofieiv_Headway_TestApp.swift; sourceTree = "<group>"; };
		2E0BD9842C6907180013D3C3 /* ContentView.swift */ = {isa = PBXFileReference; lastKnownFileType = sourcecode.swift; path = ContentView.swift; sourceTree = "<group>"; };
		2E0BD9862C6907190013D3C3 /* Assets.xcassets */ = {isa = PBXFileReference; lastKnownFileType = folder.assetcatalog; path = Assets.xcassets; sourceTree = "<group>"; };
		2E0BD9892C6907190013D3C3 /* Preview Assets.xcassets */ = {isa = PBXFileReference; lastKnownFileType = folder.assetcatalog; path = "Preview Assets.xcassets"; sourceTree = "<group>"; };
		2E0BD9922C69321D0013D3C3 /* Book.swift */ = {isa = PBXFileReference; lastKnownFileType = sourcecode.swift; path = Book.swift; sourceTree = "<group>"; };
		2E29AA032C6A943400F8CBF9 /* Utils.swift */ = {isa = PBXFileReference; lastKnownFileType = sourcecode.swift; path = Utils.swift; sourceTree = "<group>"; };
		2E29AA072C6AB15A00F8CBF9 /* Atomic_Habits_cover.jpeg */ = {isa = PBXFileReference; lastKnownFileType = image.jpeg; path = Atomic_Habits_cover.jpeg; sourceTree = "<group>"; };
		2E29AA092C6AB5E200F8CBF9 /* Player.swift */ = {isa = PBXFileReference; lastKnownFileType = sourcecode.swift; path = Player.swift; sourceTree = "<group>"; };
		2E908B3A2C6ED08400997D57 /* Atomic_Habits_key_7.mp3 */ = {isa = PBXFileReference; lastKnownFileType = audio.mp3; path = Atomic_Habits_key_7.mp3; sourceTree = "<group>"; };
		2EB58C912C6D5E48008558C3 /* SharedAudioPlayer.swift */ = {isa = PBXFileReference; lastKnownFileType = sourcecode.swift; path = SharedAudioPlayer.swift; sourceTree = "<group>"; };
		2EB58C932C6EAAB2008558C3 /* Atomic_Habits_key_3.mp3 */ = {isa = PBXFileReference; lastKnownFileType = audio.mp3; path = Atomic_Habits_key_3.mp3; sourceTree = "<group>"; };
		2EB58C942C6EAAB3008558C3 /* Atomic_Habits_key_6.mp3 */ = {isa = PBXFileReference; lastKnownFileType = audio.mp3; path = Atomic_Habits_key_6.mp3; sourceTree = "<group>"; };
		2EB58C952C6EAAB3008558C3 /* Atomic_Habits_key_9.mp3 */ = {isa = PBXFileReference; lastKnownFileType = audio.mp3; path = Atomic_Habits_key_9.mp3; sourceTree = "<group>"; };
		2EB58C962C6EAAB3008558C3 /* Atomic_Habits_key_8.mp3 */ = {isa = PBXFileReference; lastKnownFileType = audio.mp3; path = Atomic_Habits_key_8.mp3; sourceTree = "<group>"; };
		2EB58C972C6EAAB4008558C3 /* Atomic_Habits_key_2.mp3 */ = {isa = PBXFileReference; lastKnownFileType = audio.mp3; path = Atomic_Habits_key_2.mp3; sourceTree = "<group>"; };
		2EB58C982C6EAAB4008558C3 /* Atomic_Habits_key_4.mp3 */ = {isa = PBXFileReference; lastKnownFileType = audio.mp3; path = Atomic_Habits_key_4.mp3; sourceTree = "<group>"; };
		2EB58C9A2C6EAAB4008558C3 /* Atomic_Habits_key_5.mp3 */ = {isa = PBXFileReference; lastKnownFileType = audio.mp3; path = Atomic_Habits_key_5.mp3; sourceTree = "<group>"; };
		2EB58C9B2C6EAAB4008558C3 /* Atomic_Habits_key_1.mp3 */ = {isa = PBXFileReference; lastKnownFileType = audio.mp3; path = Atomic_Habits_key_1.mp3; sourceTree = "<group>"; };
/* End PBXFileReference section */

/* Begin PBXFrameworksBuildPhase section */
		2E0BD97C2C6907180013D3C3 /* Frameworks */ = {
			isa = PBXFrameworksBuildPhase;
			buildActionMask = 2147483647;
			files = (
				2E5763662C6B9C3500CE1167 /* ComposableArchitecture in Frameworks */,
			);
			runOnlyForDeploymentPostprocessing = 0;
		};
/* End PBXFrameworksBuildPhase section */

/* Begin PBXGroup section */
		2E0BD9762C6907180013D3C3 = {
			isa = PBXGroup;
			children = (
				2E0BD9812C6907180013D3C3 /* Tymofieiv_Headway_Test */,
				2E0BD9802C6907180013D3C3 /* Products */,
			);
			sourceTree = "<group>";
		};
		2E0BD9802C6907180013D3C3 /* Products */ = {
			isa = PBXGroup;
			children = (
				2E0BD97F2C6907180013D3C3 /* Tymofieiv_Headway_Test.app */,
			);
			name = Products;
			sourceTree = "<group>";
		};
		2E0BD9812C6907180013D3C3 /* Tymofieiv_Headway_Test */ = {
			isa = PBXGroup;
			children = (
				2E0BD9862C6907190013D3C3 /* Assets.xcassets */,
				2E0BD99A2C695F770013D3C3 /* Resources */,
				2E29AA022C6A942400F8CBF9 /* Utils */,
				2E0BD9992C6935660013D3C3 /* App */,
				2E0BD9942C6932560013D3C3 /* Features */,
				2E0BD9912C6930D60013D3C3 /* Model */,
				2E0BD9882C6907190013D3C3 /* Preview Content */,
			);
			path = Tymofieiv_Headway_Test;
			sourceTree = "<group>";
		};
		2E0BD9882C6907190013D3C3 /* Preview Content */ = {
			isa = PBXGroup;
			children = (
				2E0BD9892C6907190013D3C3 /* Preview Assets.xcassets */,
			);
			path = "Preview Content";
			sourceTree = "<group>";
		};
		2E0BD9912C6930D60013D3C3 /* Model */ = {
			isa = PBXGroup;
			children = (
				2E0BD9922C69321D0013D3C3 /* Book.swift */,
				2E29AA092C6AB5E200F8CBF9 /* Player.swift */,
			);
			path = Model;
			sourceTree = "<group>";
		};
		2E0BD9942C6932560013D3C3 /* Features */ = {
			isa = PBXGroup;
			children = (
				2EB58C912C6D5E48008558C3 /* SharedAudioPlayer.swift */,
			);
			path = Features;
			sourceTree = "<group>";
		};
		2E0BD9992C6935660013D3C3 /* App */ = {
			isa = PBXGroup;
			children = (
				2E0BD9842C6907180013D3C3 /* ContentView.swift */,
				2E0BD9822C6907180013D3C3 /* Tymofieiv_Headway_TestApp.swift */,
			);
			path = App;
			sourceTree = "<group>";
		};
		2E0BD99A2C695F770013D3C3 /* Resources */ = {
			isa = PBXGroup;
			children = (
				2EB58C9B2C6EAAB4008558C3 /* Atomic_Habits_key_1.mp3 */,
				2EB58C972C6EAAB4008558C3 /* Atomic_Habits_key_2.mp3 */,
				2EB58C932C6EAAB2008558C3 /* Atomic_Habits_key_3.mp3 */,
				2EB58C982C6EAAB4008558C3 /* Atomic_Habits_key_4.mp3 */,
				2EB58C9A2C6EAAB4008558C3 /* Atomic_Habits_key_5.mp3 */,
				2EB58C942C6EAAB3008558C3 /* Atomic_Habits_key_6.mp3 */,
				2E908B3A2C6ED08400997D57 /* Atomic_Habits_key_7.mp3 */,
				2EB58C962C6EAAB3008558C3 /* Atomic_Habits_key_8.mp3 */,
				2EB58C952C6EAAB3008558C3 /* Atomic_Habits_key_9.mp3 */,
				2E29AA072C6AB15A00F8CBF9 /* Atomic_Habits_cover.jpeg */,
			);
			path = Resources;
			sourceTree = "<group>";
		};
		2E29AA022C6A942400F8CBF9 /* Utils */ = {
			isa = PBXGroup;
			children = (
				2E29AA032C6A943400F8CBF9 /* Utils.swift */,
			);
			path = Utils;
			sourceTree = "<group>";
		};
/* End PBXGroup section */

/* Begin PBXNativeTarget section */
		2E0BD97E2C6907180013D3C3 /* Tymofieiv_Headway_Test */ = {
			isa = PBXNativeTarget;
			buildConfigurationList = 2E0BD98D2C6907190013D3C3 /* Build configuration list for PBXNativeTarget "Tymofieiv_Headway_Test" */;
			buildPhases = (
				2E0BD97B2C6907180013D3C3 /* Sources */,
				2E0BD97C2C6907180013D3C3 /* Frameworks */,
				2E0BD97D2C6907180013D3C3 /* Resources */,
			);
			buildRules = (
			);
			dependencies = (
			);
			name = Tymofieiv_Headway_Test;
			packageProductDependencies = (
				2E5763652C6B9C3500CE1167 /* ComposableArchitecture */,
			);
			productName = Tymofieiv_Headway_Test;
			productReference = 2E0BD97F2C6907180013D3C3 /* Tymofieiv_Headway_Test.app */;
			productType = "com.apple.product-type.application";
		};
/* End PBXNativeTarget section */

/* Begin PBXProject section */
		2E0BD9772C6907180013D3C3 /* Project object */ = {
			isa = PBXProject;
			attributes = {
				BuildIndependentTargetsInParallel = 1;
				LastSwiftUpdateCheck = 1540;
				LastUpgradeCheck = 1540;
				TargetAttributes = {
					2E0BD97E2C6907180013D3C3 = {
						CreatedOnToolsVersion = 15.4;
					};
				};
			};
			buildConfigurationList = 2E0BD97A2C6907180013D3C3 /* Build configuration list for PBXProject "Tymofieiv_Headway_Test" */;
			compatibilityVersion = "Xcode 14.0";
			developmentRegion = en;
			hasScannedForEncodings = 0;
			knownRegions = (
				en,
				Base,
			);
			mainGroup = 2E0BD9762C6907180013D3C3;
			packageReferences = (
				2E5763642C6B9C3500CE1167 /* XCRemoteSwiftPackageReference "swift-composable-architecture" */,
			);
			productRefGroup = 2E0BD9802C6907180013D3C3 /* Products */;
			projectDirPath = "";
			projectRoot = "";
			targets = (
				2E0BD97E2C6907180013D3C3 /* Tymofieiv_Headway_Test */,
			);
		};
/* End PBXProject section */

/* Begin PBXResourcesBuildPhase section */
		2E0BD97D2C6907180013D3C3 /* Resources */ = {
			isa = PBXResourcesBuildPhase;
			buildActionMask = 2147483647;
			files = (
				2EB58CA32C6EAAB4008558C3 /* Atomic_Habits_key_5.mp3 in Resources */,
				2EB58C9C2C6EAAB4008558C3 /* Atomic_Habits_key_3.mp3 in Resources */,
				2E0BD98A2C6907190013D3C3 /* Preview Assets.xcassets in Resources */,
				2EB58CA42C6EAAB4008558C3 /* Atomic_Habits_key_1.mp3 in Resources */,
				2E908B3B2C6ED08400997D57 /* Atomic_Habits_key_7.mp3 in Resources */,
				2E29AA082C6AB15A00F8CBF9 /* Atomic_Habits_cover.jpeg in Resources */,
				2EB58CA02C6EAAB4008558C3 /* Atomic_Habits_key_2.mp3 in Resources */,
				2EB58C9F2C6EAAB4008558C3 /* Atomic_Habits_key_8.mp3 in Resources */,
				2EB58C9D2C6EAAB4008558C3 /* Atomic_Habits_key_6.mp3 in Resources */,
				2EB58C9E2C6EAAB4008558C3 /* Atomic_Habits_key_9.mp3 in Resources */,
				2E0BD9872C6907190013D3C3 /* Assets.xcassets in Resources */,
				2EB58CA12C6EAAB4008558C3 /* Atomic_Habits_key_4.mp3 in Resources */,
			);
			runOnlyForDeploymentPostprocessing = 0;
		};
/* End PBXResourcesBuildPhase section */

/* Begin PBXSourcesBuildPhase section */
		2E0BD97B2C6907180013D3C3 /* Sources */ = {
			isa = PBXSourcesBuildPhase;
			buildActionMask = 2147483647;
			files = (
				2E0BD9932C69321D0013D3C3 /* Book.swift in Sources */,
				2E29AA042C6A943400F8CBF9 /* Utils.swift in Sources */,
				2E0BD9852C6907180013D3C3 /* ContentView.swift in Sources */,
				2EB58C922C6D5E48008558C3 /* SharedAudioPlayer.swift in Sources */,
				2E29AA0A2C6AB5E200F8CBF9 /* Player.swift in Sources */,
				2E0BD9832C6907180013D3C3 /* Tymofieiv_Headway_TestApp.swift in Sources */,
			);
			runOnlyForDeploymentPostprocessing = 0;
		};
/* End PBXSourcesBuildPhase section */

/* Begin XCBuildConfiguration section */
		2E0BD98B2C6907190013D3C3 /* Debug */ = {
			isa = XCBuildConfiguration;
			buildSettings = {
				ALWAYS_SEARCH_USER_PATHS = NO;
				ASSETCATALOG_COMPILER_GENERATE_SWIFT_ASSET_SYMBOL_EXTENSIONS = YES;
				CLANG_ANALYZER_NONNULL = YES;
				CLANG_ANALYZER_NUMBER_OBJECT_CONVERSION = YES_AGGRESSIVE;
				CLANG_CXX_LANGUAGE_STANDARD = "gnu++20";
				CLANG_ENABLE_MODULES = YES;
				CLANG_ENABLE_OBJC_ARC = YES;
				CLANG_ENABLE_OBJC_WEAK = YES;
				CLANG_WARN_BLOCK_CAPTURE_AUTORELEASING = YES;
				CLANG_WARN_BOOL_CONVERSION = YES;
				CLANG_WARN_COMMA = YES;
				CLANG_WARN_CONSTANT_CONVERSION = YES;
				CLANG_WARN_DEPRECATED_OBJC_IMPLEMENTATIONS = YES;
				CLANG_WARN_DIRECT_OBJC_ISA_USAGE = YES_ERROR;
				CLANG_WARN_DOCUMENTATION_COMMENTS = YES;
				CLANG_WARN_EMPTY_BODY = YES;
				CLANG_WARN_ENUM_CONVERSION = YES;
				CLANG_WARN_INFINITE_RECURSION = YES;
				CLANG_WARN_INT_CONVERSION = YES;
				CLANG_WARN_NON_LITERAL_NULL_CONVERSION = YES;
				CLANG_WARN_OBJC_IMPLICIT_RETAIN_SELF = YES;
				CLANG_WARN_OBJC_LITERAL_CONVERSION = YES;
				CLANG_WARN_OBJC_ROOT_CLASS = YES_ERROR;
				CLANG_WARN_QUOTED_INCLUDE_IN_FRAMEWORK_HEADER = YES;
				CLANG_WARN_RANGE_LOOP_ANALYSIS = YES;
				CLANG_WARN_STRICT_PROTOTYPES = YES;
				CLANG_WARN_SUSPICIOUS_MOVE = YES;
				CLANG_WARN_UNGUARDED_AVAILABILITY = YES_AGGRESSIVE;
				CLANG_WARN_UNREACHABLE_CODE = YES;
				CLANG_WARN__DUPLICATE_METHOD_MATCH = YES;
				COPY_PHASE_STRIP = NO;
				DEBUG_INFORMATION_FORMAT = dwarf;
				ENABLE_STRICT_OBJC_MSGSEND = YES;
				ENABLE_TESTABILITY = YES;
				ENABLE_USER_SCRIPT_SANDBOXING = YES;
				GCC_C_LANGUAGE_STANDARD = gnu17;
				GCC_DYNAMIC_NO_PIC = NO;
				GCC_NO_COMMON_BLOCKS = YES;
				GCC_OPTIMIZATION_LEVEL = 0;
				GCC_PREPROCESSOR_DEFINITIONS = (
					"DEBUG=1",
					"$(inherited)",
				);
				GCC_WARN_64_TO_32_BIT_CONVERSION = YES;
				GCC_WARN_ABOUT_RETURN_TYPE = YES_ERROR;
				GCC_WARN_UNDECLARED_SELECTOR = YES;
				GCC_WARN_UNINITIALIZED_AUTOS = YES_AGGRESSIVE;
				GCC_WARN_UNUSED_FUNCTION = YES;
				GCC_WARN_UNUSED_VARIABLE = YES;
				IPHONEOS_DEPLOYMENT_TARGET = 17.5;
				LOCALIZATION_PREFERS_STRING_CATALOGS = YES;
				MTL_ENABLE_DEBUG_INFO = INCLUDE_SOURCE;
				MTL_FAST_MATH = YES;
				ONLY_ACTIVE_ARCH = YES;
				SDKROOT = iphoneos;
				SWIFT_ACTIVE_COMPILATION_CONDITIONS = "DEBUG $(inherited)";
				SWIFT_OPTIMIZATION_LEVEL = "-Onone";
			};
			name = Debug;
		};
		2E0BD98C2C6907190013D3C3 /* Release */ = {
			isa = XCBuildConfiguration;
			buildSettings = {
				ALWAYS_SEARCH_USER_PATHS = NO;
				ASSETCATALOG_COMPILER_GENERATE_SWIFT_ASSET_SYMBOL_EXTENSIONS = YES;
				CLANG_ANALYZER_NONNULL = YES;
				CLANG_ANALYZER_NUMBER_OBJECT_CONVERSION = YES_AGGRESSIVE;
				CLANG_CXX_LANGUAGE_STANDARD = "gnu++20";
				CLANG_ENABLE_MODULES = YES;
				CLANG_ENABLE_OBJC_ARC = YES;
				CLANG_ENABLE_OBJC_WEAK = YES;
				CLANG_WARN_BLOCK_CAPTURE_AUTORELEASING = YES;
				CLANG_WARN_BOOL_CONVERSION = YES;
				CLANG_WARN_COMMA = YES;
				CLANG_WARN_CONSTANT_CONVERSION = YES;
				CLANG_WARN_DEPRECATED_OBJC_IMPLEMENTATIONS = YES;
				CLANG_WARN_DIRECT_OBJC_ISA_USAGE = YES_ERROR;
				CLANG_WARN_DOCUMENTATION_COMMENTS = YES;
				CLANG_WARN_EMPTY_BODY = YES;
				CLANG_WARN_ENUM_CONVERSION = YES;
				CLANG_WARN_INFINITE_RECURSION = YES;
				CLANG_WARN_INT_CONVERSION = YES;
				CLANG_WARN_NON_LITERAL_NULL_CONVERSION = YES;
				CLANG_WARN_OBJC_IMPLICIT_RETAIN_SELF = YES;
				CLANG_WARN_OBJC_LITERAL_CONVERSION = YES;
				CLANG_WARN_OBJC_ROOT_CLASS = YES_ERROR;
				CLANG_WARN_QUOTED_INCLUDE_IN_FRAMEWORK_HEADER = YES;
				CLANG_WARN_RANGE_LOOP_ANALYSIS = YES;
				CLANG_WARN_STRICT_PROTOTYPES = YES;
				CLANG_WARN_SUSPICIOUS_MOVE = YES;
				CLANG_WARN_UNGUARDED_AVAILABILITY = YES_AGGRESSIVE;
				CLANG_WARN_UNREACHABLE_CODE = YES;
				CLANG_WARN__DUPLICATE_METHOD_MATCH = YES;
				COPY_PHASE_STRIP = NO;
				DEBUG_INFORMATION_FORMAT = "dwarf-with-dsym";
				ENABLE_NS_ASSERTIONS = NO;
				ENABLE_STRICT_OBJC_MSGSEND = YES;
				ENABLE_USER_SCRIPT_SANDBOXING = YES;
				GCC_C_LANGUAGE_STANDARD = gnu17;
				GCC_NO_COMMON_BLOCKS = YES;
				GCC_WARN_64_TO_32_BIT_CONVERSION = YES;
				GCC_WARN_ABOUT_RETURN_TYPE = YES_ERROR;
				GCC_WARN_UNDECLARED_SELECTOR = YES;
				GCC_WARN_UNINITIALIZED_AUTOS = YES_AGGRESSIVE;
				GCC_WARN_UNUSED_FUNCTION = YES;
				GCC_WARN_UNUSED_VARIABLE = YES;
				IPHONEOS_DEPLOYMENT_TARGET = 17.5;
				LOCALIZATION_PREFERS_STRING_CATALOGS = YES;
				MTL_ENABLE_DEBUG_INFO = NO;
				MTL_FAST_MATH = YES;
				SDKROOT = iphoneos;
				SWIFT_COMPILATION_MODE = wholemodule;
				VALIDATE_PRODUCT = YES;
			};
			name = Release;
		};
		2E0BD98E2C6907190013D3C3 /* Debug */ = {
			isa = XCBuildConfiguration;
			buildSettings = {
				ASSETCATALOG_COMPILER_APPICON_NAME = AppIcon;
				ASSETCATALOG_COMPILER_GLOBAL_ACCENT_COLOR_NAME = AccentColor;
				CODE_SIGN_STYLE = Automatic;
				CURRENT_PROJECT_VERSION = 1;
				DEVELOPMENT_ASSET_PATHS = "\"Tymofieiv_Headway_Test/Preview Content\"";
				DEVELOPMENT_TEAM = 5KFCCZ48TZ;
				ENABLE_PREVIEWS = YES;
				ENABLE_USER_SCRIPT_SANDBOXING = NO;
				GENERATE_INFOPLIST_FILE = YES;
				INFOPLIST_KEY_UIApplicationSceneManifest_Generation = YES;
				INFOPLIST_KEY_UIApplicationSupportsIndirectInputEvents = YES;
				INFOPLIST_KEY_UILaunchScreen_Generation = YES;
				INFOPLIST_KEY_UISupportedInterfaceOrientations_iPad = "UIInterfaceOrientationPortrait UIInterfaceOrientationPortraitUpsideDown UIInterfaceOrientationLandscapeLeft UIInterfaceOrientationLandscapeRight";
				INFOPLIST_KEY_UISupportedInterfaceOrientations_iPhone = "UIInterfaceOrientationPortrait UIInterfaceOrientationLandscapeLeft UIInterfaceOrientationLandscapeRight";
				LD_RUNPATH_SEARCH_PATHS = (
					"$(inherited)",
					"@executable_path/Frameworks",
				);
				MARKETING_VERSION = 1.0;
				PRODUCT_BUNDLE_IDENTIFIER = "TymofeevDaniil.Tymofieiv-Headway-Test";
				PRODUCT_NAME = "$(TARGET_NAME)";
				SWIFT_EMIT_LOC_STRINGS = YES;
				SWIFT_VERSION = 5.0;
				TARGETED_DEVICE_FAMILY = "1,2";
			};
			name = Debug;
		};
		2E0BD98F2C6907190013D3C3 /* Release */ = {
			isa = XCBuildConfiguration;
			buildSettings = {
				ASSETCATALOG_COMPILER_APPICON_NAME = AppIcon;
				ASSETCATALOG_COMPILER_GLOBAL_ACCENT_COLOR_NAME = AccentColor;
				CODE_SIGN_STYLE = Automatic;
				CURRENT_PROJECT_VERSION = 1;
				DEVELOPMENT_ASSET_PATHS = "\"Tymofieiv_Headway_Test/Preview Content\"";
				DEVELOPMENT_TEAM = 5KFCCZ48TZ;
				ENABLE_PREVIEWS = YES;
				ENABLE_USER_SCRIPT_SANDBOXING = NO;
				GENERATE_INFOPLIST_FILE = YES;
				INFOPLIST_KEY_UIApplicationSceneManifest_Generation = YES;
				INFOPLIST_KEY_UIApplicationSupportsIndirectInputEvents = YES;
				INFOPLIST_KEY_UILaunchScreen_Generation = YES;
				INFOPLIST_KEY_UISupportedInterfaceOrientations_iPad = "UIInterfaceOrientationPortrait UIInterfaceOrientationPortraitUpsideDown UIInterfaceOrientationLandscapeLeft UIInterfaceOrientationLandscapeRight";
				INFOPLIST_KEY_UISupportedInterfaceOrientations_iPhone = "UIInterfaceOrientationPortrait UIInterfaceOrientationLandscapeLeft UIInterfaceOrientationLandscapeRight";
				LD_RUNPATH_SEARCH_PATHS = (
					"$(inherited)",
					"@executable_path/Frameworks",
				);
				MARKETING_VERSION = 1.0;
				PRODUCT_BUNDLE_IDENTIFIER = "TymofeevDaniil.Tymofieiv-Headway-Test";
				PRODUCT_NAME = "$(TARGET_NAME)";
				SWIFT_EMIT_LOC_STRINGS = YES;
				SWIFT_VERSION = 5.0;
				TARGETED_DEVICE_FAMILY = "1,2";
			};
			name = Release;
		};
/* End XCBuildConfiguration section */

/* Begin XCConfigurationList section */
		2E0BD97A2C6907180013D3C3 /* Build configuration list for PBXProject "Tymofieiv_Headway_Test" */ = {
			isa = XCConfigurationList;
			buildConfigurations = (
				2E0BD98B2C6907190013D3C3 /* Debug */,
				2E0BD98C2C6907190013D3C3 /* Release */,
			);
			defaultConfigurationIsVisible = 0;
			defaultConfigurationName = Release;
		};
		2E0BD98D2C6907190013D3C3 /* Build configuration list for PBXNativeTarget "Tymofieiv_Headway_Test" */ = {
			isa = XCConfigurationList;
			buildConfigurations = (
				2E0BD98E2C6907190013D3C3 /* Debug */,
				2E0BD98F2C6907190013D3C3 /* Release */,
			);
			defaultConfigurationIsVisible = 0;
			defaultConfigurationName = Release;
		};
/* End XCConfigurationList section */

/* Begin XCRemoteSwiftPackageReference section */
		2E5763642C6B9C3500CE1167 /* XCRemoteSwiftPackageReference "swift-composable-architecture" */ = {
			isa = XCRemoteSwiftPackageReference;
			repositoryURL = "https://github.com/pointfreeco/swift-composable-architecture";
			requirement = {
				kind = upToNextMajorVersion;
				minimumVersion = 1.12.1;
			};
		};
/* End XCRemoteSwiftPackageReference section */

/* Begin XCSwiftPackageProductDependency section */
		2E5763652C6B9C3500CE1167 /* ComposableArchitecture */ = {
			isa = XCSwiftPackageProductDependency;
			package = 2E5763642C6B9C3500CE1167 /* XCRemoteSwiftPackageReference "swift-composable-architecture" */;
			productName = ComposableArchitecture;
		};
/* End XCSwiftPackageProductDependency section */
	};
	rootObject = 2E0BD9772C6907180013D3C3 /* Project object */;
}
